<?xml version="1.0" encoding="utf-8"?>
<Project ToolsVersion="17.0" xmlns="http://schemas.microsoft.com/developer/msbuild/2003">
  <ItemGroup>
    <ClCompile Include="D:\_CODE_\avalang\avahost\src\core\logger.cpp">
      <Filter>Source Files</Filter>
    </ClCompile>
    <ClCompile Include="D:\_CODE_\avalang\avahost\src\runtime\runtime_host.cpp">
      <Filter>Source Files</Filter>
    </ClCompile>
    <ClCompile Include="D:\_CODE_\avalang\avahost\src\rendering\html_renderer.cpp">
      <Filter>Source Files</Filter>
    </ClCompile>
    <ClCompile Include="D:\_CODE_\avalang\avahost\src\web\socket.cpp">
      <Filter>Source Files</Filter>
    </ClCompile>
    <ClCompile Include="D:\_CODE_\avalang\avahost\src\web\http_parser.cpp">
      <Filter>Source Files</Filter>
    </ClCompile>
    <ClCompile Include="D:\_CODE_\avalang\avahost\src\web\http_server.cpp">
      <Filter>Source Files</Filter>
    </ClCompile>
    <ClCompile Include="D:\_CODE_\avalang\avahost\src\web\router.cpp">
      <Filter>Source Files</Filter>
    </ClCompile>
    <ClCompile Include="D:\_CODE_\avalang\avahost\src\web\url_codec.cpp">
      <Filter>Source Files</Filter>
    </ClCompile>
    <ClCompile Include="D:\_CODE_\avalang\avahost\src\web\static_file_server.cpp">
      <Filter>Source Files</Filter>
    </ClCompile>
    <ClCompile Include="D:\_CODE_\avalang\avahost\src\web\app.cpp">
      <Filter>Source Files</Filter>
    </ClCompile>
    <ClCompile Include="D:\_CODE_\avalang\avahost\src\config\app_config.cpp">
      <Filter>Source Files</Filter>
    </ClCompile>
    <ClCompile Include="D:\_CODE_\avalang\avahost\src\config\app_manifest.cpp">
      <Filter>Source Files</Filter>
    </ClCompile>
    <ClCompile Include="D:\_CODE_\avalang\avahost\src\watch\file_watcher.cpp">
      <Filter>Source Files</Filter>
    </ClCompile>
    <ClCompile Include="D:\_CODE_\avalang\avahost\src\plugin\plugin_loader.cpp">
      <Filter>Source Files</Filter>
    </ClCompile>
    <ClCompile Include="D:\_CODE_\avalang\avahost\src\cli_commands.cpp">
      <Filter>Source Files</Filter>
    </ClCompile>
    <ClCompile Include="D:\_CODE_\avalang\avahost\src\main.cpp">
      <Filter>Source Files</Filter>
    </ClCompile>
  </ItemGroup>
  <ItemGroup>
    <CustomBuild Include="D:\_CODE_\avalang\avahost\CMakeLists.txt" />
  </ItemGroup>
  <ItemGroup>
    <Natvis Include="D:\_CODE_\avalang\build_avahost\_deps\json-src\nlohmann_json.natvis" />
  </ItemGroup>
  <ItemGroup>
    <Filter Include="Source Files">
      <UniqueIdentifier>{3398DB76-BC6C-31F1-97A9-5F80B835DB21}</UniqueIdentifier>
    </Filter>
  </ItemGroup>
</Project>
