<?xml version="1.0" encoding="utf-8"?>
<Project ToolsVersion="17.0" xmlns="http://schemas.microsoft.com/developer/msbuild/2003">
  <ItemGroup>
    <CustomBuild Include="D:\_CODE_\avalang\build_pack\CMakeFiles\002ae447463d50fa224fd92b9e0612b0\embedded_project.cpp.rule">
      <Filter>CMake Rules</Filter>
    </CustomBuild>
    <CustomBuild Include="D:\_CODE_\avalang\build_pack\CMakeFiles\9bd70ada9614d232a1d8fd89b4e6aa5e\avapack_generate.rule">
      <Filter>CMake Rules</Filter>
    </CustomBuild>
    <CustomBuild Include="D:\_CODE_\avalang\runtime\avapack\CMakeLists.txt" />
  </ItemGroup>
  <ItemGroup>
    <None Include="D:\_CODE_\avalang\build_pack\runtime\avapack\CMakeFiles\avapack_generate" />
  </ItemGroup>
  <ItemGroup>
    <Filter Include="CMake Rules">
      <UniqueIdentifier>{1DE988E1-F14D-3F5C-AB16-71C82C53759B}</UniqueIdentifier>
    </Filter>
  </ItemGroup>
</Project>
