
Microsoft Visual Studio Solution File, Format Version 12.00
# Visual Studio Version 17
Project("{8BC9CEB8-8B4A-11D0-8D11-00A0C91BC942}") = "ALL_BUILD", "ALL_BUILD.vcxproj", "{463D747B-D1FA-39B8-AC21-F706F8B12668}"
	ProjectSection(ProjectDependencies) = postProject
		{651576B8-5DB0-3CE6-AFFE-52F6D6929743} = {651576B8-5DB0-3CE6-AFFE-52F6D6929743}
		{FCB9A375-54DD-38BA-97F4-63E102F4FBBD} = {FCB9A375-54DD-38BA-97F4-63E102F4FBBD}
		{E7237C77-8CFF-3FF7-8ECF-9FCDAA0D532F} = {E7237C77-8CFF-3FF7-8ECF-9FCDAA0D532F}
		{28C99F75-3A11-3C8E-BFCC-2D1D57A10CD3} = {28C99F75-3A11-3C8E-BFCC-2D1D57A10CD3}
		{6C38B3D7-F685-3756-8676-B83A00F1D1E4} = {6C38B3D7-F685-3756-8676-B83A00F1D1E4}
	EndProjectSection
EndProject
Project("{8BC9CEB8-8B4A-11D0-8D11-00A0C91BC942}") = "INSTALL", "INSTALL.vcxproj", "{29507025-1D61-3DF7-8313-C9C8EE5AA7F4}"
	ProjectSection(ProjectDependencies) = postProject
		{463D747B-D1FA-39B8-AC21-F706F8B12668} = {463D747B-D1FA-39B8-AC21-F706F8B12668}
		{651576B8-5DB0-3CE6-AFFE-52F6D6929743} = {651576B8-5DB0-3CE6-AFFE-52F6D6929743}
	EndProjectSection
EndProject
Project("{8BC9CEB8-8B4A-11D0-8D11-00A0C91BC942}") = "ZERO_CHECK", "ZERO_CHECK.vcxproj", "{651576B8-5DB0-3CE6-AFFE-52F6D6929743}"
	ProjectSection(ProjectDependencies) = postProject
	EndProjectSection
EndProject
Project("{8BC9CEB8-8B4A-11D0-8D11-00A0C91BC942}") = "avalang", "runtime\avalang\avalang.vcxproj", "{FCB9A375-54DD-38BA-97F4-63E102F4FBBD}"
	ProjectSection(ProjectDependencies) = postProject
		{651576B8-5DB0-3CE6-AFFE-52F6D6929743} = {651576B8-5DB0-3CE6-AFFE-52F6D6929743}
		{E7237C77-8CFF-3FF7-8ECF-9FCDAA0D532F} = {E7237C77-8CFF-3FF7-8ECF-9FCDAA0D532F}
	EndProjectSection
EndProject
Project("{8BC9CEB8-8B4A-11D0-8D11-00A0C91BC942}") = "avalang_ui", "runtime\avaui\avalang_ui.vcxproj", "{E7237C77-8CFF-3FF7-8ECF-9FCDAA0D532F}"
	ProjectSection(ProjectDependencies) = postProject
		{651576B8-5DB0-3CE6-AFFE-52F6D6929743} = {651576B8-5DB0-3CE6-AFFE-52F6D6929743}
	EndProjectSection
EndProject
Project("{8BC9CEB8-8B4A-11D0-8D11-00A0C91BC942}") = "avapack_build", "runtime\avapack\avapack_build.vcxproj", "{28C99F75-3A11-3C8E-BFCC-2D1D57A10CD3}"
	ProjectSection(ProjectDependencies) = postProject
		{651576B8-5DB0-3CE6-AFFE-52F6D6929743} = {651576B8-5DB0-3CE6-AFFE-52F6D6929743}
		{FCB9A375-54DD-38BA-97F4-63E102F4FBBD} = {FCB9A375-54DD-38BA-97F4-63E102F4FBBD}
		{6C38B3D7-F685-3756-8676-B83A00F1D1E4} = {6C38B3D7-F685-3756-8676-B83A00F1D1E4}
		{B8DA9938-4148-34A7-9D5F-478F32E8AAAE} = {B8DA9938-4148-34A7-9D5F-478F32E8AAAE}
	EndProjectSection
EndProject
Project("{8BC9CEB8-8B4A-11D0-8D11-00A0C91BC942}") = "avapack_gen", "runtime\avapack\avapack_gen.vcxproj", "{6C38B3D7-F685-3756-8676-B83A00F1D1E4}"
	ProjectSection(ProjectDependencies) = postProject
		{651576B8-5DB0-3CE6-AFFE-52F6D6929743} = {651576B8-5DB0-3CE6-AFFE-52F6D6929743}
		{FCB9A375-54DD-38BA-97F4-63E102F4FBBD} = {FCB9A375-54DD-38BA-97F4-63E102F4FBBD}
	EndProjectSection
EndProject
Project("{8BC9CEB8-8B4A-11D0-8D11-00A0C91BC942}") = "avapack_generate", "runtime\avapack\avapack_generate.vcxproj", "{B8DA9938-4148-34A7-9D5F-478F32E8AAAE}"
	ProjectSection(ProjectDependencies) = postProject
		{651576B8-5DB0-3CE6-AFFE-52F6D6929743} = {651576B8-5DB0-3CE6-AFFE-52F6D6929743}
		{6C38B3D7-F685-3756-8676-B83A00F1D1E4} = {6C38B3D7-F685-3756-8676-B83A00F1D1E4}
	EndProjectSection
EndProject
Global
	GlobalSection(SolutionConfigurationPlatforms) = preSolution
		Debug|x64 = Debug|x64
		Release|x64 = Release|x64
		MinSizeRel|x64 = MinSizeRel|x64
		RelWithDebInfo|x64 = RelWithDebInfo|x64
	EndGlobalSection
	GlobalSection(ProjectConfigurationPlatforms) = postSolution
		{463D747B-D1FA-39B8-AC21-F706F8B12668}.Debug|x64.ActiveCfg = Debug|x64
		{463D747B-D1FA-39B8-AC21-F706F8B12668}.Debug|x64.Build.0 = Debug|x64
		{463D747B-D1FA-39B8-AC21-F706F8B12668}.Release|x64.ActiveCfg = Release|x64
		{463D747B-D1FA-39B8-AC21-F706F8B12668}.Release|x64.Build.0 = Release|x64
		{463D747B-D1FA-39B8-AC21-F706F8B12668}.MinSizeRel|x64.ActiveCfg = MinSizeRel|x64
		{463D747B-D1FA-39B8-AC21-F706F8B12668}.MinSizeRel|x64.Build.0 = MinSizeRel|x64
		{463D747B-D1FA-39B8-AC21-F706F8B12668}.RelWithDebInfo|x64.ActiveCfg = RelWithDebInfo|x64
		{463D747B-D1FA-39B8-AC21-F706F8B12668}.RelWithDebInfo|x64.Build.0 = RelWithDebInfo|x64
		{29507025-1D61-3DF7-8313-C9C8EE5AA7F4}.Debug|x64.ActiveCfg = Debug|x64
		{29507025-1D61-3DF7-8313-C9C8EE5AA7F4}.Release|x64.ActiveCfg = Release|x64
		{29507025-1D61-3DF7-8313-C9C8EE5AA7F4}.MinSizeRel|x64.ActiveCfg = MinSizeRel|x64
		{29507025-1D61-3DF7-8313-C9C8EE5AA7F4}.RelWithDebInfo|x64.ActiveCfg = RelWithDebInfo|x64
		{651576B8-5DB0-3CE6-AFFE-52F6D6929743}.Debug|x64.ActiveCfg = Debug|x64
		{651576B8-5DB0-3CE6-AFFE-52F6D6929743}.Debug|x64.Build.0 = Debug|x64
		{651576B8-5DB0-3CE6-AFFE-52F6D6929743}.Release|x64.ActiveCfg = Release|x64
		{651576B8-5DB0-3CE6-AFFE-52F6D6929743}.Release|x64.Build.0 = Release|x64
		{651576B8-5DB0-3CE6-AFFE-52F6D6929743}.MinSizeRel|x64.ActiveCfg = MinSizeRel|x64
		{651576B8-5DB0-3CE6-AFFE-52F6D6929743}.MinSizeRel|x64.Build.0 = MinSizeRel|x64
		{651576B8-5DB0-3CE6-AFFE-52F6D6929743}.RelWithDebInfo|x64.ActiveCfg = RelWithDebInfo|x64
		{651576B8-5DB0-3CE6-AFFE-52F6D6929743}.RelWithDebInfo|x64.Build.0 = RelWithDebInfo|x64
		{FCB9A375-54DD-38BA-97F4-63E102F4FBBD}.Debug|x64.ActiveCfg = Debug|x64
		{FCB9A375-54DD-38BA-97F4-63E102F4FBBD}.Debug|x64.Build.0 = Debug|x64
		{FCB9A375-54DD-38BA-97F4-63E102F4FBBD}.Release|x64.ActiveCfg = Release|x64
		{FCB9A375-54DD-38BA-97F4-63E102F4FBBD}.Release|x64.Build.0 = Release|x64
		{FCB9A375-54DD-38BA-97F4-63E102F4FBBD}.MinSizeRel|x64.ActiveCfg = MinSizeRel|x64
		{FCB9A375-54DD-38BA-97F4-63E102F4FBBD}.MinSizeRel|x64.Build.0 = MinSizeRel|x64
		{FCB9A375-54DD-38BA-97F4-63E102F4FBBD}.RelWithDebInfo|x64.ActiveCfg = RelWithDebInfo|x64
		{FCB9A375-54DD-38BA-97F4-63E102F4FBBD}.RelWithDebInfo|x64.Build.0 = RelWithDebInfo|x64
		{E7237C77-8CFF-3FF7-8ECF-9FCDAA0D532F}.Debug|x64.ActiveCfg = Debug|x64
		{E7237C77-8CFF-3FF7-8ECF-9FCDAA0D532F}.Debug|x64.Build.0 = Debug|x64
		{E7237C77-8CFF-3FF7-8ECF-9FCDAA0D532F}.Release|x64.ActiveCfg = Release|x64
		{E7237C77-8CFF-3FF7-8ECF-9FCDAA0D532F}.Release|x64.Build.0 = Release|x64
		{E7237C77-8CFF-3FF7-8ECF-9FCDAA0D532F}.MinSizeRel|x64.ActiveCfg = MinSizeRel|x64
		{E7237C77-8CFF-3FF7-8ECF-9FCDAA0D532F}.MinSizeRel|x64.Build.0 = MinSizeRel|x64
		{E7237C77-8CFF-3FF7-8ECF-9FCDAA0D532F}.RelWithDebInfo|x64.ActiveCfg = RelWithDebInfo|x64
		{E7237C77-8CFF-3FF7-8ECF-9FCDAA0D532F}.RelWithDebInfo|x64.Build.0 = RelWithDebInfo|x64
		{28C99F75-3A11-3C8E-BFCC-2D1D57A10CD3}.Debug|x64.ActiveCfg = Debug|x64
		{28C99F75-3A11-3C8E-BFCC-2D1D57A10CD3}.Debug|x64.Build.0 = Debug|x64
		{28C99F75-3A11-3C8E-BFCC-2D1D57A10CD3}.Release|x64.ActiveCfg = Release|x64
		{28C99F75-3A11-3C8E-BFCC-2D1D57A10CD3}.Release|x64.Build.0 = Release|x64
		{28C99F75-3A11-3C8E-BFCC-2D1D57A10CD3}.MinSizeRel|x64.ActiveCfg = MinSizeRel|x64
		{28C99F75-3A11-3C8E-BFCC-2D1D57A10CD3}.MinSizeRel|x64.Build.0 = MinSizeRel|x64
		{28C99F75-3A11-3C8E-BFCC-2D1D57A10CD3}.RelWithDebInfo|x64.ActiveCfg = RelWithDebInfo|x64
		{28C99F75-3A11-3C8E-BFCC-2D1D57A10CD3}.RelWithDebInfo|x64.Build.0 = RelWithDebInfo|x64
		{6C38B3D7-F685-3756-8676-B83A00F1D1E4}.Debug|x64.ActiveCfg = Debug|x64
		{6C38B3D7-F685-3756-8676-B83A00F1D1E4}.Debug|x64.Build.0 = Debug|x64
		{6C38B3D7-F685-3756-8676-B83A00F1D1E4}.Release|x64.ActiveCfg = Release|x64
		{6C38B3D7-F685-3756-8676-B83A00F1D1E4}.Release|x64.Build.0 = Release|x64
		{6C38B3D7-F685-3756-8676-B83A00F1D1E4}.MinSizeRel|x64.ActiveCfg = MinSizeRel|x64
		{6C38B3D7-F685-3756-8676-B83A00F1D1E4}.MinSizeRel|x64.Build.0 = MinSizeRel|x64
		{6C38B3D7-F685-3756-8676-B83A00F1D1E4}.RelWithDebInfo|x64.ActiveCfg = RelWithDebInfo|x64
		{6C38B3D7-F685-3756-8676-B83A00F1D1E4}.RelWithDebInfo|x64.Build.0 = RelWithDebInfo|x64
		{B8DA9938-4148-34A7-9D5F-478F32E8AAAE}.Debug|x64.ActiveCfg = Debug|x64
		{B8DA9938-4148-34A7-9D5F-478F32E8AAAE}.Debug|x64.Build.0 = Debug|x64
		{B8DA9938-4148-34A7-9D5F-478F32E8AAAE}.Release|x64.ActiveCfg = Release|x64
		{B8DA9938-4148-34A7-9D5F-478F32E8AAAE}.Release|x64.Build.0 = Release|x64
		{B8DA9938-4148-34A7-9D5F-478F32E8AAAE}.MinSizeRel|x64.ActiveCfg = MinSizeRel|x64
		{B8DA9938-4148-34A7-9D5F-478F32E8AAAE}.MinSizeRel|x64.Build.0 = MinSizeRel|x64
		{B8DA9938-4148-34A7-9D5F-478F32E8AAAE}.RelWithDebInfo|x64.ActiveCfg = RelWithDebInfo|x64
		{B8DA9938-4148-34A7-9D5F-478F32E8AAAE}.RelWithDebInfo|x64.Build.0 = RelWithDebInfo|x64
	EndGlobalSection
	GlobalSection(ExtensibilityGlobals) = postSolution
		SolutionGuid = {5E1133B8-857E-3E7A-AA45-92B7CE83EFBA}
	EndGlobalSection
	GlobalSection(ExtensibilityAddIns) = postSolution
	EndGlobalSection
EndGlobal
