<?xml version="1.0" encoding="utf-8"?>
<Project ToolsVersion="17.0" xmlns="http://schemas.microsoft.com/developer/msbuild/2003">
  <ItemGroup>
    <ClCompile Include="D:\_CODE_\avalang\runtime\avalang\src\vm\value.cpp">
      <Filter>Source Files</Filter>
    </ClCompile>
    <ClCompile Include="D:\_CODE_\avalang\runtime\avalang\src\vm\vm_helpers.cpp">
      <Filter>Source Files</Filter>
    </ClCompile>
    <ClCompile Include="D:\_CODE_\avalang\runtime\avalang\src\vm\vm.cpp">
      <Filter>Source Files</Filter>
    </ClCompile>
    <ClCompile Include="D:\_CODE_\avalang\runtime\avalang\src\vm\vm_core.cpp">
      <Filter>Source Files</Filter>
    </ClCompile>
    <ClCompile Include="D:\_CODE_\avalang\runtime\avalang\src\vm\vm_call.cpp">
      <Filter>Source Files</Filter>
    </ClCompile>
    <ClCompile Include="D:\_CODE_\avalang\runtime\avalang\src\vm\vm_file.cpp">
      <Filter>Source Files</Filter>
    </ClCompile>
    <ClCompile Include="D:\_CODE_\avalang\runtime\avalang\src\vm\vm_import.cpp">
      <Filter>Source Files</Filter>
    </ClCompile>
    <ClCompile Include="D:\_CODE_\avalang\runtime\avalang\src\vm\vm_arith.cpp">
      <Filter>Source Files</Filter>
    </ClCompile>
    <ClCompile Include="D:\_CODE_\avalang\runtime\avalang\src\vm\vm_compare.cpp">
      <Filter>Source Files</Filter>
    </ClCompile>
    <ClCompile Include="D:\_CODE_\avalang\runtime\avalang\src\vm\vm_containers.cpp">
      <Filter>Source Files</Filter>
    </ClCompile>
    <ClCompile Include="D:\_CODE_\avalang\runtime\avalang\src\vm\vm_classes.cpp">
      <Filter>Source Files</Filter>
    </ClCompile>
    <ClCompile Include="D:\_CODE_\avalang\runtime\avalang\src\vm\vm_call_op.cpp">
      <Filter>Source Files</Filter>
    </ClCompile>
    <ClCompile Include="D:\_CODE_\avalang\runtime\avalang\src\vm\vm_slice.cpp">
      <Filter>Source Files</Filter>
    </ClCompile>
    <ClCompile Include="D:\_CODE_\avalang\runtime\avalang\src\vm\vm_exceptions.cpp">
      <Filter>Source Files</Filter>
    </ClCompile>
    <ClCompile Include="D:\_CODE_\avalang\runtime\avalang\src\vm\vm_errors.cpp">
      <Filter>Source Files</Filter>
    </ClCompile>
    <ClCompile Include="D:\_CODE_\avalang\runtime\avalang\src\vm\vm_extern.cpp">
      <Filter>Source Files</Filter>
    </ClCompile>
    <ClCompile Include="D:\_CODE_\avalang\runtime\avalang\src\vm\vm_platform_accessor.cpp">
      <Filter>Source Files</Filter>
    </ClCompile>
    <ClCompile Include="D:\_CODE_\avalang\runtime\avalang\src\vm\vm_async.cpp">
      <Filter>Source Files</Filter>
    </ClCompile>
    <ClCompile Include="D:\_CODE_\avalang\runtime\avalang\src\vm\module.cpp">
      <Filter>Source Files</Filter>
    </ClCompile>
    <ClCompile Include="D:\_CODE_\avalang\runtime\avalang\src\vm\coroutine.cpp">
      <Filter>Source Files</Filter>
    </ClCompile>
    <ClCompile Include="D:\_CODE_\avalang\runtime\avalang\platform\memory\MemoryFileSystem.cpp">
      <Filter>Source Files</Filter>
    </ClCompile>
    <ClCompile Include="D:\_CODE_\avalang\runtime\avalang\src\compiler\proto_io.cpp">
      <Filter>Source Files</Filter>
    </ClCompile>
    <ClCompile Include="D:\_CODE_\avalang\runtime\avalang\src\compiler\obfuscate.cpp">
      <Filter>Source Files</Filter>
    </ClCompile>
    <ClCompile Include="D:\_CODE_\avalang\runtime\avalang\src\builtins\builtin_strings.cpp">
      <Filter>Source Files</Filter>
    </ClCompile>
    <ClCompile Include="D:\_CODE_\avalang\runtime\avalang\src\builtins\builtin_lists.cpp">
      <Filter>Source Files</Filter>
    </ClCompile>
    <ClCompile Include="D:\_CODE_\avalang\runtime\avalang\src\builtins\builtin_dicts.cpp">
      <Filter>Source Files</Filter>
    </ClCompile>
    <ClCompile Include="D:\_CODE_\avalang\runtime\avalang\src\builtins\builtin_coroutine.cpp">
      <Filter>Source Files</Filter>
    </ClCompile>
    <ClCompile Include="D:\_CODE_\avalang\runtime\avalang\src\builtins\builtin_async.cpp">
      <Filter>Source Files</Filter>
    </ClCompile>
    <ClCompile Include="D:\_CODE_\avalang\runtime\avalang\src\builtins\builtin_registry.cpp">
      <Filter>Source Files</Filter>
    </ClCompile>
    <ClCompile Include="D:\_CODE_\avalang\runtime\avalang\src\builtins\builtin_natives.cpp">
      <Filter>Source Files</Filter>
    </ClCompile>
    <ClCompile Include="D:\_CODE_\avalang\runtime\avalang\src\builtins\builtin_mem.cpp">
      <Filter>Source Files</Filter>
    </ClCompile>
    <ClCompile Include="D:\_CODE_\avalang\runtime\avalang\src\builtins\builtin_init.cpp">
      <Filter>Source Files</Filter>
    </ClCompile>
    <ClCompile Include="D:\_CODE_\avalang\runtime\avalang\src\ui\builtins.cpp">
      <Filter>Source Files</Filter>
    </ClCompile>
    <ClCompile Include="D:\_CODE_\avalang\runtime\avalang\src\frontend\denter.cpp">
      <Filter>Source Files</Filter>
    </ClCompile>
    <ClCompile Include="D:\_CODE_\avalang\runtime\avalang\src\frontend\frontend_antlr.cpp">
      <Filter>Source Files</Filter>
    </ClCompile>
    <ClCompile Include="D:\_CODE_\avalang\runtime\avalang\src\ast\ast_builder.cpp">
      <Filter>Source Files</Filter>
    </ClCompile>
    <ClCompile Include="D:\_CODE_\avalang\runtime\avalang\src\compiler\compiler.cpp">
      <Filter>Source Files</Filter>
    </ClCompile>
    <ClCompile Include="D:\_CODE_\avalang\build_cli\generated\AvaLangLexer.cpp">
      <Filter>Source Files</Filter>
    </ClCompile>
    <ClCompile Include="D:\_CODE_\avalang\build_cli\generated\AvaLangParser.cpp">
      <Filter>Source Files</Filter>
    </ClCompile>
    <ClCompile Include="D:\_CODE_\avalang\build_cli\generated\AvaLangBaseListener.cpp">
      <Filter>Source Files</Filter>
    </ClCompile>
    <ClCompile Include="D:\_CODE_\avalang\runtime\avalang\platform\windows\WinFileSystem.cpp">
      <Filter>Source Files</Filter>
    </ClCompile>
    <ClCompile Include="D:\_CODE_\avalang\runtime\avalang\platform\windows\WinThread.cpp">
      <Filter>Source Files</Filter>
    </ClCompile>
    <ClCompile Include="D:\_CODE_\avalang\runtime\avalang\platform\windows\WinMutex.cpp">
      <Filter>Source Files</Filter>
    </ClCompile>
    <ClCompile Include="D:\_CODE_\avalang\runtime\avalang\platform\windows\WinClock.cpp">
      <Filter>Source Files</Filter>
    </ClCompile>
    <ClCompile Include="D:\_CODE_\avalang\runtime\avalang\platform\windows\WinLibrary.cpp">
      <Filter>Source Files</Filter>
    </ClCompile>
    <ClCompile Include="D:\_CODE_\avalang\runtime\avalang\platform\windows\WinConsole.cpp">
      <Filter>Source Files</Filter>
    </ClCompile>
    <ClCompile Include="D:\_CODE_\avalang\runtime\avalang\platform\windows\WinEnvironment.cpp">
      <Filter>Source Files</Filter>
    </ClCompile>
    <ClCompile Include="D:\_CODE_\avalang\runtime\avalang\platform\windows\WinProcess.cpp">
      <Filter>Source Files</Filter>
    </ClCompile>
    <ClCompile Include="D:\_CODE_\avalang\runtime\avalang\platform\windows\WinTimer.cpp">
      <Filter>Source Files</Filter>
    </ClCompile>
    <ClCompile Include="D:\_CODE_\avalang\runtime\avalang\platform\windows\WinPlatform.cpp">
      <Filter>Source Files</Filter>
    </ClCompile>
    <ClCompile Include="D:\_CODE_\avalang\runtime\avalang\api\src\c_api.cpp">
      <Filter>Source Files</Filter>
    </ClCompile>
  </ItemGroup>
  <ItemGroup>
    <CustomBuild Include="D:\_CODE_\avalang\build_cli\CMakeFiles\3d5cd59ae0902ecfa01496f2bee520c1\AvaLangLexer.cpp.rule">
      <Filter>CMake Rules</Filter>
    </CustomBuild>
    <CustomBuild Include="D:\_CODE_\avalang\runtime\avalang\CMakeLists.txt" />
  </ItemGroup>
  <ItemGroup>
    <Filter Include="CMake Rules">
      <UniqueIdentifier>{D7A1282C-E3D4-32CA-96C3-E8A3EF6DA8C1}</UniqueIdentifier>
    </Filter>
    <Filter Include="Source Files">
      <UniqueIdentifier>{EFD4688B-CB21-3A1C-AF08-70C4652F6AAE}</UniqueIdentifier>
    </Filter>
  </ItemGroup>
</Project>
