<?xml version="1.0" encoding="utf-8"?>
<Project ToolsVersion="17.0" xmlns="http://schemas.microsoft.com/developer/msbuild/2003">
  <ItemGroup>
    <ClCompile Include="D:\_CODE_\avalang\core\src\vm\value.cpp">
      <Filter>Source Files</Filter>
    </ClCompile>
    <ClCompile Include="D:\_CODE_\avalang\core\src\vm\vm_helpers.cpp">
      <Filter>Source Files</Filter>
    </ClCompile>
    <ClCompile Include="D:\_CODE_\avalang\core\src\vm\vm.cpp">
      <Filter>Source Files</Filter>
    </ClCompile>
    <ClCompile Include="D:\_CODE_\avalang\core\src\vm\vm_core.cpp">
      <Filter>Source Files</Filter>
    </ClCompile>
    <ClCompile Include="D:\_CODE_\avalang\core\src\vm\vm_call.cpp">
      <Filter>Source Files</Filter>
    </ClCompile>
    <ClCompile Include="D:\_CODE_\avalang\core\src\vm\vm_file.cpp">
      <Filter>Source Files</Filter>
    </ClCompile>
    <ClCompile Include="D:\_CODE_\avalang\core\src\vm\vm_import.cpp">
      <Filter>Source Files</Filter>
    </ClCompile>
    <ClCompile Include="D:\_CODE_\avalang\core\src\vm\vm_arith.cpp">
      <Filter>Source Files</Filter>
    </ClCompile>
    <ClCompile Include="D:\_CODE_\avalang\core\src\vm\vm_compare.cpp">
      <Filter>Source Files</Filter>
    </ClCompile>
    <ClCompile Include="D:\_CODE_\avalang\core\src\vm\vm_containers.cpp">
      <Filter>Source Files</Filter>
    </ClCompile>
    <ClCompile Include="D:\_CODE_\avalang\core\src\vm\vm_classes.cpp">
      <Filter>Source Files</Filter>
    </ClCompile>
    <ClCompile Include="D:\_CODE_\avalang\core\src\vm\vm_call_op.cpp">
      <Filter>Source Files</Filter>
    </ClCompile>
    <ClCompile Include="D:\_CODE_\avalang\core\src\vm\vm_slice.cpp">
      <Filter>Source Files</Filter>
    </ClCompile>
    <ClCompile Include="D:\_CODE_\avalang\core\src\vm\vm_exceptions.cpp">
      <Filter>Source Files</Filter>
    </ClCompile>
    <ClCompile Include="D:\_CODE_\avalang\core\src\vm\vm_errors.cpp">
      <Filter>Source Files</Filter>
    </ClCompile>
    <ClCompile Include="D:\_CODE_\avalang\core\src\vm\module.cpp">
      <Filter>Source Files</Filter>
    </ClCompile>
    <ClCompile Include="D:\_CODE_\avalang\core\src\vm\coroutine.cpp">
      <Filter>Source Files</Filter>
    </ClCompile>
    <ClCompile Include="D:\_CODE_\avalang\core\src\builtins\builtin_strings.cpp">
      <Filter>Source Files</Filter>
    </ClCompile>
    <ClCompile Include="D:\_CODE_\avalang\core\src\builtins\builtin_lists.cpp">
      <Filter>Source Files</Filter>
    </ClCompile>
    <ClCompile Include="D:\_CODE_\avalang\core\src\builtins\builtin_dicts.cpp">
      <Filter>Source Files</Filter>
    </ClCompile>
    <ClCompile Include="D:\_CODE_\avalang\core\src\builtins\builtin_coroutine.cpp">
      <Filter>Source Files</Filter>
    </ClCompile>
    <ClCompile Include="D:\_CODE_\avalang\core\src\builtins\builtin_registry.cpp">
      <Filter>Source Files</Filter>
    </ClCompile>
    <ClCompile Include="D:\_CODE_\avalang\core\src\builtins\builtin_natives.cpp">
      <Filter>Source Files</Filter>
    </ClCompile>
    <ClCompile Include="D:\_CODE_\avalang\core\src\builtins\builtin_init.cpp">
      <Filter>Source Files</Filter>
    </ClCompile>
    <ClCompile Include="D:\_CODE_\avalang\core\src\ui\component.cpp">
      <Filter>Source Files</Filter>
    </ClCompile>
    <ClCompile Include="D:\_CODE_\avalang\core\src\ui\tree.cpp">
      <Filter>Source Files</Filter>
    </ClCompile>
    <ClCompile Include="D:\_CODE_\avalang\core\src\ui\layout.cpp">
      <Filter>Source Files</Filter>
    </ClCompile>
    <ClCompile Include="D:\_CODE_\avalang\core\src\ui\property.cpp">
      <Filter>Source Files</Filter>
    </ClCompile>
    <ClCompile Include="D:\_CODE_\avalang\core\src\ui\event.cpp">
      <Filter>Source Files</Filter>
    </ClCompile>
    <ClCompile Include="D:\_CODE_\avalang\core\src\ui\registry.cpp">
      <Filter>Source Files</Filter>
    </ClCompile>
    <ClCompile Include="D:\_CODE_\avalang\core\src\ui\builtins.cpp">
      <Filter>Source Files</Filter>
    </ClCompile>
    <ClCompile Include="D:\_CODE_\avalang\core\src\ui\avaui_text.cpp">
      <Filter>Source Files</Filter>
    </ClCompile>
    <ClCompile Include="D:\_CODE_\avalang\core\src\frontend\denter.cpp">
      <Filter>Source Files</Filter>
    </ClCompile>
    <ClCompile Include="D:\_CODE_\avalang\core\src\frontend\frontend_antlr.cpp">
      <Filter>Source Files</Filter>
    </ClCompile>
    <ClCompile Include="D:\_CODE_\avalang\core\src\ast\ast_builder.cpp">
      <Filter>Source Files</Filter>
    </ClCompile>
    <ClCompile Include="D:\_CODE_\avalang\core\src\compiler\compiler.cpp">
      <Filter>Source Files</Filter>
    </ClCompile>
    <ClCompile Include="D:\_CODE_\avalang\build_avahost\generated\AvaLangLexer.cpp">
      <Filter>Source Files</Filter>
    </ClCompile>
    <ClCompile Include="D:\_CODE_\avalang\build_avahost\generated\AvaLangParser.cpp">
      <Filter>Source Files</Filter>
    </ClCompile>
    <ClCompile Include="D:\_CODE_\avalang\build_avahost\generated\AvaLangBaseListener.cpp">
      <Filter>Source Files</Filter>
    </ClCompile>
    <ClCompile Include="D:\_CODE_\avalang\public\src\c_api.cpp">
      <Filter>Source Files</Filter>
    </ClCompile>
  </ItemGroup>
  <ItemGroup>
    <CustomBuild Include="D:\_CODE_\avalang\build_avahost\CMakeFiles\9353d47824650c82dd2fd634f9cd5f54\AvaLangLexer.cpp.rule">
      <Filter>CMake Rules</Filter>
    </CustomBuild>
    <CustomBuild Include="D:\_CODE_\avalang\CMakeLists.txt" />
  </ItemGroup>
  <ItemGroup>
    <Filter Include="CMake Rules">
      <UniqueIdentifier>{DC1148D8-9ECE-3E39-AD2D-F763D5AB154C}</UniqueIdentifier>
    </Filter>
    <Filter Include="Source Files">
      <UniqueIdentifier>{3398DB76-BC6C-31F1-97A9-5F80B835DB21}</UniqueIdentifier>
    </Filter>
  </ItemGroup>
</Project>
