<?xml version="1.0" encoding="utf-8"?>
<Project ToolsVersion="17.0" xmlns="http://schemas.microsoft.com/developer/msbuild/2003">
  <ItemGroup>
    <CustomBuild Include="D:\_CODE_\avalang\build_avahost\CMakeFiles\feb64dbb670356ace165a6f0035cd2fe\INSTALL_force.rule">
      <Filter>CMake Rules</Filter>
    </CustomBuild>
  </ItemGroup>
  <ItemGroup>
    <Filter Include="CMake Rules">
      <UniqueIdentifier>{DC1148D8-9ECE-3E39-AD2D-F763D5AB154C}</UniqueIdentifier>
    </Filter>
  </ItemGroup>
</Project>
